<?xml version="1.0" encoding="utf-8"?>
<Project ToolsVersion="4.0" xmlns="http://schemas.microsoft.com/developer/msbuild/2003">
  <ItemGroup>
    <Filter Include="cudaOps">
      <UniqueIdentifier>{f636bf71-8e73-4f2f-a5ba-749dfea690ea}</UniqueIdentifier>
    </Filter>
  </ItemGroup>
  <ItemGroup>
    <ClCompile Include="main.cpp" />
  </ItemGroup>
  <ItemGroup>
    <CudaCompile Include="cudaOps\kernel.cu">
      <Filter>cudaOps</Filter>
    </CudaCompile>
  </ItemGroup>
  <ItemGroup>
    <ClInclude Include="cudaOps\kernel.cuh">
      <Filter>cudaOps</Filter>
    </ClInclude>
  </ItemGroup>
</Project>