<?xml version="1.0" encoding="utf-8"?>
<Project ToolsVersion="4.0" xmlns="http://schemas.microsoft.com/developer/msbuild/2003">
  <ItemGroup>
    <Filter Include="cudaOps">
      <UniqueIdentifier>{58b9fd4c-85b6-4d13-a289-1fa5db73c405}</UniqueIdentifier>
    </Filter>
  </ItemGroup>
  <ItemGroup>
    <ClCompile Include="main.cpp" />
  </ItemGroup>
  <ItemGroup>
    <CudaCompile Include="cudaOps\kernel.cu">
      <Filter>cudaOps</Filter>
    </CudaCompile>
  </ItemGroup>
  <ItemGroup>
    <ClInclude Include="cudaOps\kernel.cuh">
      <Filter>cudaOps</Filter>
    </ClInclude>
  </ItemGroup>
</Project>