
Microsoft Visual Studio Solution File, Format Version 12.00
# Visual Studio 15
VisualStudioVersion = 15.0.28307.438
MinimumVisualStudioVersion = 10.0.40219.1
Project("{8BC9CEB8-8B4A-11D0-8D11-00A0C91BC942}") = "AdderCuda", "HelloCuda\HelloCuda.vcxproj", "{DA89EEA2-0CD0-4CCE-BCC7-731FB6F12816}"
EndProject
Project("{8BC9CEB8-8B4A-11D0-8D11-00A0C91BC942}") = "ThreadingCuda", "ThreadingCuda\ThreadingCuda.vcxproj", "{47C032D5-69AA-4FC2-AE94-C3639FA64559}"
EndProject
Project("{8BC9CEB8-8B4A-11D0-8D11-00A0C91BC942}") = "VectorAddition", "VectorAddition\VectorAddition.vcxproj", "{BD1AEAA5-B29A-4EB4-9969-435E45BA5BBD}"
EndProject
Project("{8BC9CEB8-8B4A-11D0-8D11-00A0C91BC942}") = "SquareVectors", "SquareVectors\SquareVectors.vcxproj", "{FB68EF4F-7F15-44AD-A029-EC59F1C6320C}"
EndProject
Project("{8BC9CEB8-8B4A-11D0-8D11-00A0C91BC942}") = "Chapter2Exercises", "Chapter2Exercises\Chapter2Exercises.vcxproj", "{64387D3B-FA27-4779-975B-CCE6F660E8A9}"
EndProject
Global
	GlobalSection(SolutionConfigurationPlatforms) = preSolution
		Debug|x64 = Debug|x64
		Release|x64 = Release|x64
	EndGlobalSection
	GlobalSection(ProjectConfigurationPlatforms) = postSolution
		{DA89EEA2-0CD0-4CCE-BCC7-731FB6F12816}.Debug|x64.ActiveCfg = Debug|x64
		{DA89EEA2-0CD0-4CCE-BCC7-731FB6F12816}.Debug|x64.Build.0 = Debug|x64
		{DA89EEA2-0CD0-4CCE-BCC7-731FB6F12816}.Release|x64.ActiveCfg = Release|x64
		{DA89EEA2-0CD0-4CCE-BCC7-731FB6F12816}.Release|x64.Build.0 = Release|x64
		{47C032D5-69AA-4FC2-AE94-C3639FA64559}.Debug|x64.ActiveCfg = Debug|x64
		{47C032D5-69AA-4FC2-AE94-C3639FA64559}.Debug|x64.Build.0 = Debug|x64
		{47C032D5-69AA-4FC2-AE94-C3639FA64559}.Release|x64.ActiveCfg = Release|x64
		{47C032D5-69AA-4FC2-AE94-C3639FA64559}.Release|x64.Build.0 = Release|x64
		{BD1AEAA5-B29A-4EB4-9969-435E45BA5BBD}.Debug|x64.ActiveCfg = Debug|x64
		{BD1AEAA5-B29A-4EB4-9969-435E45BA5BBD}.Debug|x64.Build.0 = Debug|x64
		{BD1AEAA5-B29A-4EB4-9969-435E45BA5BBD}.Release|x64.ActiveCfg = Release|x64
		{BD1AEAA5-B29A-4EB4-9969-435E45BA5BBD}.Release|x64.Build.0 = Release|x64
		{FB68EF4F-7F15-44AD-A029-EC59F1C6320C}.Debug|x64.ActiveCfg = Debug|x64
		{FB68EF4F-7F15-44AD-A029-EC59F1C6320C}.Debug|x64.Build.0 = Debug|x64
		{FB68EF4F-7F15-44AD-A029-EC59F1C6320C}.Release|x64.ActiveCfg = Release|x64
		{FB68EF4F-7F15-44AD-A029-EC59F1C6320C}.Release|x64.Build.0 = Release|x64
		{64387D3B-FA27-4779-975B-CCE6F660E8A9}.Debug|x64.ActiveCfg = Debug|x64
		{64387D3B-FA27-4779-975B-CCE6F660E8A9}.Debug|x64.Build.0 = Debug|x64
		{64387D3B-FA27-4779-975B-CCE6F660E8A9}.Release|x64.ActiveCfg = Release|x64
		{64387D3B-FA27-4779-975B-CCE6F660E8A9}.Release|x64.Build.0 = Release|x64
	EndGlobalSection
	GlobalSection(SolutionProperties) = preSolution
		HideSolutionNode = FALSE
	EndGlobalSection
	GlobalSection(ExtensibilityGlobals) = postSolution
		SolutionGuid = {82D596D8-860E-49B4-BD05-0D29A4807AAE}
	EndGlobalSection
EndGlobal
